
Microsoft Visual Studio Solution File, Format Version 12.00
# Visual Studio Version 17
VisualStudioVersion = 17.0.31903.59
MinimumVisualStudioVersion = 10.0.40219.1
Project("{FAE04EC0-301F-11D3-BF4B-00C04F79EFBC}") = "Lantern", "Lantern\Lantern.csproj", "{B8FF71CF-A33E-44A4-83A3-D9F037567BBA}"
EndProject
Global
	GlobalSection(SolutionConfigurationPlatforms) = preSolution
		Debug|Any CPU = Debug|Any CPU
		Release|Any CPU = Release|Any CPU
	EndGlobalSection
	GlobalSection(ProjectConfigurationPlatforms) = postSolution
		{B8FF71CF-A33E-44A4-83A3-D9F037567BBA}.Debug|Any CPU.ActiveCfg = Debug|Any CPU
		{B8FF71CF-A33E-44A4-83A3-D9F037567BBA}.Debug|Any CPU.Build.0 = Debug|Any CPU
		{B8FF71CF-A33E-44A4-83A3-D9F037567BBA}.Release|Any CPU.ActiveCfg = Release|Any CPU
		{B8FF71CF-A33E-44A4-83A3-D9F037567BBA}.Release|Any CPU.Build.0 = Release|Any CPU
	EndGlobalSection
	GlobalSection(SolutionProperties) = preSolution
		HideSolutionNode = FALSE
	EndGlobalSection
	GlobalSection(ExtensibilityGlobals) = postSolution
		SolutionGuid = {A6EA16D0-AF7A-4623-8434-78373CDAC57E}
	EndGlobalSection
EndGlobal
